
Microsoft Visual Studio Solution File, Format Version 12.00
# Visual Studio Version 17
VisualStudioVersion = 17.8.34330.188
MinimumVisualStudioVersion = 10.0.40219.1
Project("{FAE04EC0-301F-11D3-BF4B-00C04F79EFBC}") = "MovieApp", "MovieApp\MovieApp.csproj", "{B31CC5CB-F62F-4017-A980-D786DD5600AD}"
EndProject
Global
	GlobalSection(SolutionConfigurationPlatforms) = preSolution
		Debug|Any CPU = Debug|Any CPU
		Release|Any CPU = Release|Any CPU
	EndGlobalSection
	GlobalSection(ProjectConfigurationPlatforms) = postSolution
		{B31CC5CB-F62F-4017-A980-D786DD5600AD}.Debug|Any CPU.ActiveCfg = Debug|Any CPU
		{B31CC5CB-F62F-4017-A980-D786DD5600AD}.Debug|Any CPU.Build.0 = Debug|Any CPU
		{B31CC5CB-F62F-4017-A980-D786DD5600AD}.Release|Any CPU.ActiveCfg = Release|Any CPU
		{B31CC5CB-F62F-4017-A980-D786DD5600AD}.Release|Any CPU.Build.0 = Release|Any CPU
	EndGlobalSection
	GlobalSection(SolutionProperties) = preSolution
		HideSolutionNode = FALSE
	EndGlobalSection
	GlobalSection(ExtensibilityGlobals) = postSolution
		SolutionGuid = {FBCE128C-F7E7-4CEF-AE94-172E434A0127}
	EndGlobalSection
EndGlobal
